Microsoft Visual Studio Solution File, Format Version 11.00
# Visual Studio 2008

Project("{5707860C-1589-A48F-C116-69D6AEEAC57C}") = "TowerDefense3D", "Assembly-CSharp.csproj", "{D3995E12-5205-A57F-30F1-1C197EA54F6F}"
EndProject
Global
	GlobalSection(SolutionConfigurationPlatforms) = preSolution
		Debug|Any CPU = Debug|Any CPU
		Release|Any CPU = Release|Any CPU
	EndGlobalSection
	GlobalSection(ProjectConfigurationPlatforms) = postSolution
		{D3995E12-5205-A57F-30F1-1C197EA54F6F}.Debug|Any CPU.ActiveCfg = Debug|Any CPU
		{D3995E12-5205-A57F-30F1-1C197EA54F6F}.Debug|Any CPU.Build.0 = Debug|Any CPU
		{D3995E12-5205-A57F-30F1-1C197EA54F6F}.Release|Any CPU.ActiveCfg = Release|Any CPU
		{D3995E12-5205-A57F-30F1-1C197EA54F6F}.Release|Any CPU.Build.0 = Release|Any CPU
	EndGlobalSection
	GlobalSection(SolutionProperties) = preSolution
		HideSolutionNode = FALSE
	EndGlobalSection
	GlobalSection(MonoDevelopProperties) = preSolution
		StartupItem = Assembly-CSharp.csproj
	EndGlobalSection
EndGlobal
